
Microsoft Visual Studio Solution File, Format Version 12.00
# Visual Studio Version 17
VisualStudioVersion = 17.12.35309.182
MinimumVisualStudioVersion = 10.0.40219.1
Project("{FAE04EC0-301F-11D3-BF4B-00C04F79EFBC}") = "App.WEB", "WebApplication1\App.WEB.csproj", "{10CCBD01-CE11-48D3-8E0F-F50EF7FC2A9E}"
EndProject
Project("{FAE04EC0-301F-11D3-BF4B-00C04F79EFBC}") = "App.DAL", "App.DAL\App.DAL.csproj", "{0C5CDAB4-9B34-4CB7-8448-808A2B185486}"
EndProject
Project("{FAE04EC0-301F-11D3-BF4B-00C04F79EFBC}") = "TestProject", "TestProject\TestProject.csproj", "{05582B9C-E2A3-4F63-942B-CB17793CC2CB}"
EndProject
Global
	GlobalSection(SolutionConfigurationPlatforms) = preSolution
		Debug|Any CPU = Debug|Any CPU
		Release|Any CPU = Release|Any CPU
	EndGlobalSection
	GlobalSection(ProjectConfigurationPlatforms) = postSolution
		{10CCBD01-CE11-48D3-8E0F-F50EF7FC2A9E}.Debug|Any CPU.ActiveCfg = Debug|Any CPU
		{10CCBD01-CE11-48D3-8E0F-F50EF7FC2A9E}.Debug|Any CPU.Build.0 = Debug|Any CPU
		{10CCBD01-CE11-48D3-8E0F-F50EF7FC2A9E}.Release|Any CPU.ActiveCfg = Release|Any CPU
		{10CCBD01-CE11-48D3-8E0F-F50EF7FC2A9E}.Release|Any CPU.Build.0 = Release|Any CPU
		{0C5CDAB4-9B34-4CB7-8448-808A2B185486}.Debug|Any CPU.ActiveCfg = Debug|Any CPU
		{0C5CDAB4-9B34-4CB7-8448-808A2B185486}.Debug|Any CPU.Build.0 = Debug|Any CPU
		{0C5CDAB4-9B34-4CB7-8448-808A2B185486}.Release|Any CPU.ActiveCfg = Release|Any CPU
		{0C5CDAB4-9B34-4CB7-8448-808A2B185486}.Release|Any CPU.Build.0 = Release|Any CPU
		{05582B9C-E2A3-4F63-942B-CB17793CC2CB}.Debug|Any CPU.ActiveCfg = Debug|Any CPU
		{05582B9C-E2A3-4F63-942B-CB17793CC2CB}.Debug|Any CPU.Build.0 = Debug|Any CPU
		{05582B9C-E2A3-4F63-942B-CB17793CC2CB}.Release|Any CPU.ActiveCfg = Release|Any CPU
		{05582B9C-E2A3-4F63-942B-CB17793CC2CB}.Release|Any CPU.Build.0 = Release|Any CPU
	EndGlobalSection
	GlobalSection(SolutionProperties) = preSolution
		HideSolutionNode = FALSE
	EndGlobalSection
	GlobalSection(ExtensibilityGlobals) = postSolution
		SolutionGuid = {D0696DA6-011C-4E22-96F2-00658063AB52}
	EndGlobalSection
EndGlobal
